
Microsoft Visual Studio Solution File, Format Version 12.00
# Visual Studio Version 17
VisualStudioVersion = 17.7.33711.374
MinimumVisualStudioVersion = 10.0.40219.1
Project("{FAE04EC0-301F-11D3-BF4B-00C04F79EFBC}") = "Span", "Span\Span.csproj", "{BC66D260-E947-4FE2-B033-14F7590DF5A7}"
EndProject
Global
	GlobalSection(SolutionConfigurationPlatforms) = preSolution
		Debug|Any CPU = Debug|Any CPU
		Release|Any CPU = Release|Any CPU
	EndGlobalSection
	GlobalSection(ProjectConfigurationPlatforms) = postSolution
		{BC66D260-E947-4FE2-B033-14F7590DF5A7}.Debug|Any CPU.ActiveCfg = Debug|Any CPU
		{BC66D260-E947-4FE2-B033-14F7590DF5A7}.Debug|Any CPU.Build.0 = Debug|Any CPU
		{BC66D260-E947-4FE2-B033-14F7590DF5A7}.Release|Any CPU.ActiveCfg = Release|Any CPU
		{BC66D260-E947-4FE2-B033-14F7590DF5A7}.Release|Any CPU.Build.0 = Release|Any CPU
	EndGlobalSection
	GlobalSection(SolutionProperties) = preSolution
		HideSolutionNode = FALSE
	EndGlobalSection
	GlobalSection(ExtensibilityGlobals) = postSolution
		SolutionGuid = {CD06E8BD-36D3-4D0C-9D4A-424CD2B8FC8A}
	EndGlobalSection
EndGlobal
